
Microsoft Visual Studio Solution File, Format Version 12.00
# Visual Studio Version 16
VisualStudioVersion = 16.0.30804.86
MinimumVisualStudioVersion = 10.0.40219.1
Project("{F184B08F-C81C-45F6-A57F-5ABD9991F28F}") = "UITest", "UITest\UITest.vbproj", "{6570FD23-6CAA-4610-82CD-F39310D1DE5A}"
EndProject
Project("{2150E333-8FDC-42A3-9474-1A3956D46DE8}") = "Solution Items", "Solution Items", "{53EC9B26-74C4-4131-9368-83BE495082C5}"
	ProjectSection(SolutionItems) = preProject
		.editorconfig = .editorconfig
	EndProjectSection
EndProject
Global
	GlobalSection(SolutionConfigurationPlatforms) = preSolution
		Debug|Any CPU = Debug|Any CPU
		Release|Any CPU = Release|Any CPU
	EndGlobalSection
	GlobalSection(ProjectConfigurationPlatforms) = postSolution
		{6570FD23-6CAA-4610-82CD-F39310D1DE5A}.Debug|Any CPU.ActiveCfg = Debug|Any CPU
		{6570FD23-6CAA-4610-82CD-F39310D1DE5A}.Debug|Any CPU.Build.0 = Debug|Any CPU
		{6570FD23-6CAA-4610-82CD-F39310D1DE5A}.Release|Any CPU.ActiveCfg = Release|Any CPU
		{6570FD23-6CAA-4610-82CD-F39310D1DE5A}.Release|Any CPU.Build.0 = Release|Any CPU
	EndGlobalSection
	GlobalSection(SolutionProperties) = preSolution
		HideSolutionNode = FALSE
	EndGlobalSection
	GlobalSection(ExtensibilityGlobals) = postSolution
		SolutionGuid = {AFD0F537-5AE4-4822-B28E-89889DC0B0A0}
	EndGlobalSection
EndGlobal
